
Microsoft Visual Studio Solution File, Format Version 12.00
# Visual Studio Version 16
VisualStudioVersion = 16.0.35425.106
MinimumVisualStudioVersion = 10.0.40219.1
Project("{FAE04EC0-301F-11D3-BF4B-00C04F79EFBC}") = "t1-prg1", "t1-prg1\t1-prg1.csproj", "{075F573F-0A0C-44AA-8684-9DE473A476E6}"
EndProject
Global
	GlobalSection(SolutionConfigurationPlatforms) = preSolution
		Debug|Any CPU = Debug|Any CPU
		Release|Any CPU = Release|Any CPU
	EndGlobalSection
	GlobalSection(ProjectConfigurationPlatforms) = postSolution
		{075F573F-0A0C-44AA-8684-9DE473A476E6}.Debug|Any CPU.ActiveCfg = Debug|Any CPU
		{075F573F-0A0C-44AA-8684-9DE473A476E6}.Debug|Any CPU.Build.0 = Debug|Any CPU
		{075F573F-0A0C-44AA-8684-9DE473A476E6}.Release|Any CPU.ActiveCfg = Release|Any CPU
		{075F573F-0A0C-44AA-8684-9DE473A476E6}.Release|Any CPU.Build.0 = Release|Any CPU
	EndGlobalSection
	GlobalSection(SolutionProperties) = preSolution
		HideSolutionNode = FALSE
	EndGlobalSection
	GlobalSection(ExtensibilityGlobals) = postSolution
		SolutionGuid = {059219C5-E961-40B6-AA2D-FCFCE4646ECC}
	EndGlobalSection
EndGlobal
